// !$*UTF8*$!
{
	archiveVersion = 1;
	classes = {
	};
	objectVersion = 48;
	objects = {

/* Begin PBXBuildFile section */
		FE87CB962047044200988EEE /* AppDelegate.swift in Sources */ = {isa = PBXBuildFile; fileRef = FE87CB952047044200988EEE /* AppDelegate.swift */; };
		FE87CB982047044200988EEE /* QuoteBuilderViewController.swift in Sources */ = {isa = PBXBuildFile; fileRef = FE87CB972047044200988EEE /* QuoteBuilderViewController.swift */; };
		FE87CB9B2047044200988EEE /* Main.storyboard in Resources */ = {isa = PBXBuildFile; fileRef = FE87CB992047044200988EEE /* Main.storyboard */; };
		FE87CB9E2047044200988EEE /* QuotePro.xcdatamodeld in Sources */ = {isa = PBXBuildFile; fileRef = FE87CB9C2047044200988EEE /* QuotePro.xcdatamodeld */; };
		FE87CBA02047044200988EEE /* Assets.xcassets in Resources */ = {isa = PBXBuildFile; fileRef = FE87CB9F2047044200988EEE /* Assets.xcassets */; };
		FE87CBA32047044200988EEE /* LaunchScreen.storyboard in Resources */ = {isa = PBXBuildFile; fileRef = FE87CBA12047044200988EEE /* LaunchScreen.storyboard */; };
		FE87CBAB2047053F00988EEE /* Photo.swift in Sources */ = {isa = PBXBuildFile; fileRef = FE87CBAA2047053F00988EEE /* Photo.swift */; };
		FE87CBAD2047054700988EEE /* Quote.swift in Sources */ = {isa = PBXBuildFile; fileRef = FE87CBAC2047054700988EEE /* Quote.swift */; };
		FE87CBAF20470C4A00988EEE /* QuotesTableViewController.swift in Sources */ = {isa = PBXBuildFile; fileRef = FE87CBAE20470C4A00988EEE /* QuotesTableViewController.swift */; };
		FE87CBB12047121800988EEE /* QuotesTableViewCell.swift in Sources */ = {isa = PBXBuildFile; fileRef = FE87CBB02047121800988EEE /* QuotesTableViewCell.swift */; };
/* End PBXBuildFile section */

/* Begin PBXFileReference section */
		FE87CB922047044200988EEE /* QuotePro.app */ = {isa = PBXFileReference; explicitFileType = wrapper.application; includeInIndex = 0; path = QuotePro.app; sourceTree = BUILT_PRODUCTS_DIR; };
		FE87CB952047044200988EEE /* AppDelegate.swift */ = {isa = PBXFileReference; lastKnownFileType = sourcecode.swift; path = AppDelegate.swift; sourceTree = "<group>"; };
		FE87CB972047044200988EEE /* QuoteBuilderViewController.swift */ = {isa = PBXFileReference; lastKnownFileType = sourcecode.swift; path = QuoteBuilderViewController.swift; sourceTree = "<group>"; };
		FE87CB9A2047044200988EEE /* Base */ = {isa = PBXFileReference; lastKnownFileType = file.storyboard; name = Base; path = Base.lproj/Main.storyboard; sourceTree = "<group>"; };
		FE87CB9D2047044200988EEE /* QuotePro.xcdatamodel */ = {isa = PBXFileReference; lastKnownFileType = wrapper.xcdatamodel; path = QuotePro.xcdatamodel; sourceTree = "<group>"; };
		FE87CB9F2047044200988EEE /* Assets.xcassets */ = {isa = PBXFileReference; lastKnownFileType = folder.assetcatalog; path = Assets.xcassets; sourceTree = "<group>"; };
		FE87CBA22047044200988EEE /* Base */ = {isa = PBXFileReference; lastKnownFileType = file.storyboard; name = Base; path = Base.lproj/LaunchScreen.storyboard; sourceTree = "<group>"; };
		FE87CBA42047044200988EEE /* Info.plist */ = {isa = PBXFileReference; lastKnownFileType = text.plist.xml; path = Info.plist; sourceTree = "<group>"; };
		FE87CBAA2047053F00988EEE /* Photo.swift */ = {isa = PBXFileReference; lastKnownFileType = sourcecode.swift; path = Photo.swift; sourceTree = "<group>"; };
		FE87CBAC2047054700988EEE /* Quote.swift */ = {isa = PBXFileReference; lastKnownFileType = sourcecode.swift; path = Quote.swift; sourceTree = "<group>"; };
		FE87CBAE20470C4A00988EEE /* QuotesTableViewController.swift */ = {isa = PBXFileReference; lastKnownFileType = sourcecode.swift; path = QuotesTableViewController.swift; sourceTree = "<group>"; };
		FE87CBB02047121800988EEE /* QuotesTableViewCell.swift */ = {isa = PBXFileReference; lastKnownFileType = sourcecode.swift; path = QuotesTableViewCell.swift; sourceTree = "<group>"; };
/* End PBXFileReference section */

/* Begin PBXFrameworksBuildPhase section */
		FE87CB8F2047044200988EEE /* Frameworks */ = {
			isa = PBXFrameworksBuildPhase;
			buildActionMask = 2147483647;
			files = (
			);
			runOnlyForDeploymentPostprocessing = 0;
		};
/* End PBXFrameworksBuildPhase section */

/* Begin PBXGroup section */
		FE87CB892047044200988EEE = {
			isa = PBXGroup;
			children = (
				FE87CB942047044200988EEE /* QuotePro */,
				FE87CB932047044200988EEE /* Products */,
			);
			sourceTree = "<group>";
		};
		FE87CB932047044200988EEE /* Products */ = {
			isa = PBXGroup;
			children = (
				FE87CB922047044200988EEE /* QuotePro.app */,
			);
			name = Products;
			sourceTree = "<group>";
		};
		FE87CB942047044200988EEE /* QuotePro */ = {
			isa = PBXGroup;
			children = (
				FE87CB952047044200988EEE /* AppDelegate.swift */,
				FE87CBAA2047053F00988EEE /* Photo.swift */,
				FE87CBAC2047054700988EEE /* Quote.swift */,
				FE87CBB02047121800988EEE /* QuotesTableViewCell.swift */,
				FE87CB972047044200988EEE /* QuoteBuilderViewController.swift */,
				FE87CBAE20470C4A00988EEE /* QuotesTableViewController.swift */,
				FE87CB992047044200988EEE /* Main.storyboard */,
				FE87CB9F2047044200988EEE /* Assets.xcassets */,
				FE87CBA12047044200988EEE /* LaunchScreen.storyboard */,
				FE87CBA42047044200988EEE /* Info.plist */,
				FE87CB9C2047044200988EEE /* QuotePro.xcdatamodeld */,
			);
			path = QuotePro;
			sourceTree = "<group>";
		};
/* End PBXGroup section */

/* Begin PBXNativeTarget section */
		FE87CB912047044200988EEE /* QuotePro */ = {
			isa = PBXNativeTarget;
			buildConfigurationList = FE87CBA72047044200988EEE /* Build configuration list for PBXNativeTarget "QuotePro" */;
			buildPhases = (
				FE87CB8E2047044200988EEE /* Sources */,
				FE87CB8F2047044200988EEE /* Frameworks */,
				FE87CB902047044200988EEE /* Resources */,
			);
			buildRules = (
			);
			dependencies = (
			);
			name = QuotePro;
			productName = QuotePro;
			productReference = FE87CB922047044200988EEE /* QuotePro.app */;
			productType = "com.apple.product-type.application";
		};
/* End PBXNativeTarget section */

/* Begin PBXProject section */
		FE87CB8A2047044200988EEE /* Project object */ = {
			isa = PBXProject;
			attributes = {
				LastSwiftUpdateCheck = 0920;
				LastUpgradeCheck = 0920;
				ORGANIZATIONNAME = "Ryan Maksymic";
				TargetAttributes = {
					FE87CB912047044200988EEE = {
						CreatedOnToolsVersion = 9.2;
						ProvisioningStyle = Automatic;
					};
				};
			};
			buildConfigurationList = FE87CB8D2047044200988EEE /* Build configuration list for PBXProject "QuotePro" */;
			compatibilityVersion = "Xcode 8.0";
			developmentRegion = en;
			hasScannedForEncodings = 0;
			knownRegions = (
				en,
				Base,
			);
			mainGroup = FE87CB892047044200988EEE;
			productRefGroup = FE87CB932047044200988EEE /* Products */;
			projectDirPath = "";
			projectRoot = "";
			targets = (
				FE87CB912047044200988EEE /* QuotePro */,
			);
		};
/* End PBXProject section */

/* Begin PBXResourcesBuildPhase section */
		FE87CB902047044200988EEE /* Resources */ = {
			isa = PBXResourcesBuildPhase;
			buildActionMask = 2147483647;
			files = (
				FE87CBA32047044200988EEE /* LaunchScreen.storyboard in Resources */,
				FE87CBA02047044200988EEE /* Assets.xcassets in Resources */,
				FE87CB9B2047044200988EEE /* Main.storyboard in Resources */,
			);
			runOnlyForDeploymentPostprocessing = 0;
		};
/* End PBXResourcesBuildPhase section */

/* Begin PBXSourcesBuildPhase section */
		FE87CB8E2047044200988EEE /* Sources */ = {
			isa = PBXSourcesBuildPhase;
			buildActionMask = 2147483647;
			files = (
				FE87CBAB2047053F00988EEE /* Photo.swift in Sources */,
				FE87CB982047044200988EEE /* QuoteBuilderViewController.swift in Sources */,
				FE87CBAF20470C4A00988EEE /* QuotesTableViewController.swift in Sources */,
				FE87CB962047044200988EEE /* AppDelegate.swift in Sources */,
				FE87CBB12047121800988EEE /* QuotesTableViewCell.swift in Sources */,
				FE87CBAD2047054700988EEE /* Quote.swift in Sources */,
				FE87CB9E2047044200988EEE /* QuotePro.xcdatamodeld in Sources */,
			);
			runOnlyForDeploymentPostprocessing = 0;
		};
/* End PBXSourcesBuildPhase section */

/* Begin PBXVariantGroup section */
		FE87CB992047044200988EEE /* Main.storyboard */ = {
			isa = PBXVariantGroup;
			children = (
				FE87CB9A2047044200988EEE /* Base */,
			);
			name = Main.storyboard;
			sourceTree = "<group>";
		};
		FE87CBA12047044200988EEE /* LaunchScreen.storyboard */ = {
			isa = PBXVariantGroup;
			children = (
				FE87CBA22047044200988EEE /* Base */,
			);
			name = LaunchScreen.storyboard;
			sourceTree = "<group>";
		};
/* End PBXVariantGroup section */

/* Begin XCBuildConfiguration section */
		FE87CBA52047044200988EEE /* Debug */ = {
			isa = XCBuildConfiguration;
			buildSettings = {
				ALWAYS_SEARCH_USER_PATHS = NO;
				CLANG_ANALYZER_NONNULL = YES;
				CLANG_ANALYZER_NUMBER_OBJECT_CONVERSION = YES_AGGRESSIVE;
				CLANG_CXX_LANGUAGE_STANDARD = "gnu++14";
				CLANG_CXX_LIBRARY = "libc++";
				CLANG_ENABLE_MODULES = YES;
				CLANG_ENABLE_OBJC_ARC = YES;
				CLANG_WARN_BLOCK_CAPTURE_AUTORELEASING = YES;
				CLANG_WARN_BOOL_CONVERSION = YES;
				CLANG_WARN_COMMA = YES;
				CLANG_WARN_CONSTANT_CONVERSION = YES;
				CLANG_WARN_DIRECT_OBJC_ISA_USAGE = YES_ERROR;
				CLANG_WARN_DOCUMENTATION_COMMENTS = YES;
				CLANG_WARN_EMPTY_BODY = YES;
				CLANG_WARN_ENUM_CONVERSION = YES;
				CLANG_WARN_INFINITE_RECURSION = YES;
				CLANG_WARN_INT_CONVERSION = YES;
				CLANG_WARN_NON_LITERAL_NULL_CONVERSION = YES;
				CLANG_WARN_OBJC_LITERAL_CONVERSION = YES;
				CLANG_WARN_OBJC_ROOT_CLASS = YES_ERROR;
				CLANG_WARN_RANGE_LOOP_ANALYSIS = YES;
				CLANG_WARN_STRICT_PROTOTYPES = YES;
				CLANG_WARN_SUSPICIOUS_MOVE = YES;
				CLANG_WARN_UNGUARDED_AVAILABILITY = YES_AGGRESSIVE;
				CLANG_WARN_UNREACHABLE_CODE = YES;
				CLANG_WARN__DUPLICATE_METHOD_MATCH = YES;
				CODE_SIGN_IDENTITY = "iPhone Developer";
				COPY_PHASE_STRIP = NO;
				DEBUG_INFORMATION_FORMAT = dwarf;
				ENABLE_STRICT_OBJC_MSGSEND = YES;
				ENABLE_TESTABILITY = YES;
				GCC_C_LANGUAGE_STANDARD = gnu11;
				GCC_DYNAMIC_NO_PIC = NO;
				GCC_NO_COMMON_BLOCKS = YES;
				GCC_OPTIMIZATION_LEVEL = 0;
				GCC_PREPROCESSOR_DEFINITIONS = (
					"DEBUG=1",
					"$(inherited)",
				);
				GCC_WARN_64_TO_32_BIT_CONVERSION = YES;
				GCC_WARN_ABOUT_RETURN_TYPE = YES_ERROR;
				GCC_WARN_UNDECLARED_SELECTOR = YES;
				GCC_WARN_UNINITIALIZED_AUTOS = YES_AGGRESSIVE;
				GCC_WARN_UNUSED_FUNCTION = YES;
				GCC_WARN_UNUSED_VARIABLE = YES;
				IPHONEOS_DEPLOYMENT_TARGET = 11.2;
				MTL_ENABLE_DEBUG_INFO = YES;
				ONLY_ACTIVE_ARCH = YES;
				SDKROOT = iphoneos;
				SWIFT_ACTIVE_COMPILATION_CONDITIONS = DEBUG;
				SWIFT_OPTIMIZATION_LEVEL = "-Onone";
			};
			name = Debug;
		};
		FE87CBA62047044200988EEE /* Release */ = {
			isa = XCBuildConfiguration;
			buildSettings = {
				ALWAYS_SEARCH_USER_PATHS = NO;
				CLANG_ANALYZER_NONNULL = YES;
				CLANG_ANALYZER_NUMBER_OBJECT_CONVERSION = YES_AGGRESSIVE;
				CLANG_CXX_LANGUAGE_STANDARD = "gnu++14";
				CLANG_CXX_LIBRARY = "libc++";
				CLANG_ENABLE_MODULES = YES;
				CLANG_ENABLE_OBJC_ARC = YES;
				CLANG_WARN_BLOCK_CAPTURE_AUTORELEASING = YES;
				CLANG_WARN_BOOL_CONVERSION = YES;
				CLANG_WARN_COMMA = YES;
				CLANG_WARN_CONSTANT_CONVERSION = YES;
				CLANG_WARN_DIRECT_OBJC_ISA_USAGE = YES_ERROR;
				CLANG_WARN_DOCUMENTATION_COMMENTS = YES;
				CLANG_WARN_EMPTY_BODY = YES;
				CLANG_WARN_ENUM_CONVERSION = YES;
				CLANG_WARN_INFINITE_RECURSION = YES;
				CLANG_WARN_INT_CONVERSION = YES;
				CLANG_WARN_NON_LITERAL_NULL_CONVERSION = YES;
				CLANG_WARN_OBJC_LITERAL_CONVERSION = YES;
				CLANG_WARN_OBJC_ROOT_CLASS = YES_ERROR;
				CLANG_WARN_RANGE_LOOP_ANALYSIS = YES;
				CLANG_WARN_STRICT_PROTOTYPES = YES;
				CLANG_WARN_SUSPICIOUS_MOVE = YES;
				CLANG_WARN_UNGUARDED_AVAILABILITY = YES_AGGRESSIVE;
				CLANG_WARN_UNREACHABLE_CODE = YES;
				CLANG_WARN__DUPLICATE_METHOD_MATCH = YES;
				CODE_SIGN_IDENTITY = "iPhone Developer";
				COPY_PHASE_STRIP = NO;
				DEBUG_INFORMATION_FORMAT = "dwarf-with-dsym";
				ENABLE_NS_ASSERTIONS = NO;
				ENABLE_STRICT_OBJC_MSGSEND = YES;
				GCC_C_LANGUAGE_STANDARD = gnu11;
				GCC_NO_COMMON_BLOCKS = YES;
				GCC_WARN_64_TO_32_BIT_CONVERSION = YES;
				GCC_WARN_ABOUT_RETURN_TYPE = YES_ERROR;
				GCC_WARN_UNDECLARED_SELECTOR = YES;
				GCC_WARN_UNINITIALIZED_AUTOS = YES_AGGRESSIVE;
				GCC_WARN_UNUSED_FUNCTION = YES;
				GCC_WARN_UNUSED_VARIABLE = YES;
				IPHONEOS_DEPLOYMENT_TARGET = 11.2;
				MTL_ENABLE_DEBUG_INFO = NO;
				SDKROOT = iphoneos;
				SWIFT_OPTIMIZATION_LEVEL = "-Owholemodule";
				VALIDATE_PRODUCT = YES;
			};
			name = Release;
		};
		FE87CBA82047044200988EEE /* Debug */ = {
			isa = XCBuildConfiguration;
			buildSettings = {
				ASSETCATALOG_COMPILER_APPICON_NAME = AppIcon;
				CODE_SIGN_STYLE = Automatic;
				DEVELOPMENT_TEAM = S4M5EG9HS8;
				INFOPLIST_FILE = QuotePro/Info.plist;
				LD_RUNPATH_SEARCH_PATHS = "$(inherited) @executable_path/Frameworks";
				PRODUCT_BUNDLE_IDENTIFIER = com.ryanmaksymic.QuotePro;
				PRODUCT_NAME = "$(TARGET_NAME)";
				SWIFT_VERSION = 4.0;
				TARGETED_DEVICE_FAMILY = "1,2";
			};
			name = Debug;
		};
		FE87CBA92047044200988EEE /* Release */ = {
			isa = XCBuildConfiguration;
			buildSettings = {
				ASSETCATALOG_COMPILER_APPICON_NAME = AppIcon;
				CODE_SIGN_STYLE = Automatic;
				DEVELOPMENT_TEAM = S4M5EG9HS8;
				INFOPLIST_FILE = QuotePro/Info.plist;
				LD_RUNPATH_SEARCH_PATHS = "$(inherited) @executable_path/Frameworks";
				PRODUCT_BUNDLE_IDENTIFIER = com.ryanmaksymic.QuotePro;
				PRODUCT_NAME = "$(TARGET_NAME)";
				SWIFT_VERSION = 4.0;
				TARGETED_DEVICE_FAMILY = "1,2";
			};
			name = Release;
		};
/* End XCBuildConfiguration section */

/* Begin XCConfigurationList section */
		FE87CB8D2047044200988EEE /* Build configuration list for PBXProject "QuotePro" */ = {
			isa = XCConfigurationList;
			buildConfigurations = (
				FE87CBA52047044200988EEE /* Debug */,
				FE87CBA62047044200988EEE /* Release */,
			);
			defaultConfigurationIsVisible = 0;
			defaultConfigurationName = Release;
		};
		FE87CBA72047044200988EEE /* Build configuration list for PBXNativeTarget "QuotePro" */ = {
			isa = XCConfigurationList;
			buildConfigurations = (
				FE87CBA82047044200988EEE /* Debug */,
				FE87CBA92047044200988EEE /* Release */,
			);
			defaultConfigurationIsVisible = 0;
			defaultConfigurationName = Release;
		};
/* End XCConfigurationList section */

/* Begin XCVersionGroup section */
		FE87CB9C2047044200988EEE /* QuotePro.xcdatamodeld */ = {
			isa = XCVersionGroup;
			children = (
				FE87CB9D2047044200988EEE /* QuotePro.xcdatamodel */,
			);
			currentVersion = FE87CB9D2047044200988EEE /* QuotePro.xcdatamodel */;
			path = QuotePro.xcdatamodeld;
			sourceTree = "<group>";
			versionGroupType = wrapper.xcdatamodel;
		};
/* End XCVersionGroup section */
	};
	rootObject = FE87CB8A2047044200988EEE /* Project object */;
}
